// !$*UTF8*$!
{
	archiveVersion = 1;
	classes = {
	};
	objectVersion = 50;
	objects = {

/* Begin PBXBuildFile section */
		10E4A3DA29964B170010A3A7 /* Resources.swift in Sources */ = {isa = PBXBuildFile; fileRef = 10E4A3D929964B170010A3A7 /* Resources.swift */; };
		6C24AB11299633FE004CC605 /* AppDelegate.swift in Sources */ = {isa = PBXBuildFile; fileRef = 6C24AB10299633FE004CC605 /* AppDelegate.swift */; };
		6C24AB13299633FE004CC605 /* SceneDelegate.swift in Sources */ = {isa = PBXBuildFile; fileRef = 6C24AB12299633FE004CC605 /* SceneDelegate.swift */; };
		6C24AB15299633FE004CC605 /* ViewController.swift in Sources */ = {isa = PBXBuildFile; fileRef = 6C24AB14299633FE004CC605 /* ViewController.swift */; };
		6C24AB18299633FE004CC605 /* Main.storyboard in Resources */ = {isa = PBXBuildFile; fileRef = 6C24AB16299633FE004CC605 /* Main.storyboard */; };
		6C24AB1A29963400004CC605 /* Assets.xcassets in Resources */ = {isa = PBXBuildFile; fileRef = 6C24AB1929963400004CC605 /* Assets.xcassets */; };
		6C24AB1D29963400004CC605 /* LaunchScreen.storyboard in Resources */ = {isa = PBXBuildFile; fileRef = 6C24AB1B29963400004CC605 /* LaunchScreen.storyboard */; };
/* End PBXBuildFile section */

/* Begin PBXFileReference section */
		10E4A3D929964B170010A3A7 /* Resources.swift */ = {isa = PBXFileReference; lastKnownFileType = sourcecode.swift; path = Resources.swift; sourceTree = "<group>"; };
		6C24AB0D299633FE004CC605 /* Millionaire_v2.app */ = {isa = PBXFileReference; explicitFileType = wrapper.application; includeInIndex = 0; path = Millionaire_v2.app; sourceTree = BUILT_PRODUCTS_DIR; };
		6C24AB10299633FE004CC605 /* AppDelegate.swift */ = {isa = PBXFileReference; lastKnownFileType = sourcecode.swift; path = AppDelegate.swift; sourceTree = "<group>"; };
		6C24AB12299633FE004CC605 /* SceneDelegate.swift */ = {isa = PBXFileReference; lastKnownFileType = sourcecode.swift; path = SceneDelegate.swift; sourceTree = "<group>"; };
		6C24AB14299633FE004CC605 /* ViewController.swift */ = {isa = PBXFileReference; lastKnownFileType = sourcecode.swift; path = ViewController.swift; sourceTree = "<group>"; };
		6C24AB17299633FE004CC605 /* Base */ = {isa = PBXFileReference; lastKnownFileType = file.storyboard; name = Base; path = Base.lproj/Main.storyboard; sourceTree = "<group>"; };
		6C24AB1929963400004CC605 /* Assets.xcassets */ = {isa = PBXFileReference; lastKnownFileType = folder.assetcatalog; path = Assets.xcassets; sourceTree = "<group>"; };
		6C24AB1C29963400004CC605 /* Base */ = {isa = PBXFileReference; lastKnownFileType = file.storyboard; name = Base; path = Base.lproj/LaunchScreen.storyboard; sourceTree = "<group>"; };
		6C24AB1E29963400004CC605 /* Info.plist */ = {isa = PBXFileReference; lastKnownFileType = text.plist.xml; path = Info.plist; sourceTree = "<group>"; };
/* End PBXFileReference section */

/* Begin PBXFrameworksBuildPhase section */
		6C24AB0A299633FE004CC605 /* Frameworks */ = {
			isa = PBXFrameworksBuildPhase;
			buildActionMask = 2147483647;
			files = (
			);
			runOnlyForDeploymentPostprocessing = 0;
		};
/* End PBXFrameworksBuildPhase section */

/* Begin PBXGroup section */
		10E4A3D829964AFD0010A3A7 /* Resources */ = {
			isa = PBXGroup;
			children = (
				10E4A3D929964B170010A3A7 /* Resources.swift */,
			);
			path = Resources;
			sourceTree = "<group>";
		};
		6C24AB04299633FE004CC605 = {
			isa = PBXGroup;
			children = (
				6C24AB0F299633FE004CC605 /* Millionaire_v2 */,
				6C24AB0E299633FE004CC605 /* Products */,
			);
			sourceTree = "<group>";
		};
		6C24AB0E299633FE004CC605 /* Products */ = {
			isa = PBXGroup;
			children = (
				6C24AB0D299633FE004CC605 /* Millionaire_v2.app */,
			);
			name = Products;
			sourceTree = "<group>";
		};
		6C24AB0F299633FE004CC605 /* Millionaire_v2 */ = {
			isa = PBXGroup;
			children = (
				10E4A3D829964AFD0010A3A7 /* Resources */,
				6C24AB26299639A7004CC605 /* Application */,
				6C24AB14299633FE004CC605 /* ViewController.swift */,
				6C24AB16299633FE004CC605 /* Main.storyboard */,
				6C24AB1929963400004CC605 /* Assets.xcassets */,
				6C24AB28299639D3004CC605 /* Model */,
				6C24AB1B29963400004CC605 /* LaunchScreen.storyboard */,
				6C24AB1E29963400004CC605 /* Info.plist */,
			);
			path = Millionaire_v2;
			sourceTree = "<group>";
		};
		6C24AB26299639A7004CC605 /* Application */ = {
			isa = PBXGroup;
			children = (
				6C24AB2A29963ABA004CC605 /* Controller */,
				6C24AB2929963AA1004CC605 /* View */,
				6C24AB10299633FE004CC605 /* AppDelegate.swift */,
				6C24AB12299633FE004CC605 /* SceneDelegate.swift */,
			);
			path = Application;
			sourceTree = "<group>";
		};
		6C24AB28299639D3004CC605 /* Model */ = {
			isa = PBXGroup;
			children = (
			);
			path = Model;
			sourceTree = "<group>";
		};
		6C24AB2929963AA1004CC605 /* View */ = {
			isa = PBXGroup;
			children = (
			);
			path = View;
			sourceTree = "<group>";
		};
		6C24AB2A29963ABA004CC605 /* Controller */ = {
			isa = PBXGroup;
			children = (
			);
			path = Controller;
			sourceTree = "<group>";
		};
/* End PBXGroup section */

/* Begin PBXNativeTarget section */
		6C24AB0C299633FE004CC605 /* Millionaire_v2 */ = {
			isa = PBXNativeTarget;
			buildConfigurationList = 6C24AB2129963400004CC605 /* Build configuration list for PBXNativeTarget "Millionaire_v2" */;
			buildPhases = (
				6C24AB09299633FE004CC605 /* Sources */,
				6C24AB0A299633FE004CC605 /* Frameworks */,
				6C24AB0B299633FE004CC605 /* Resources */,
			);
			buildRules = (
			);
			dependencies = (
			);
			name = Millionaire_v2;
			productName = Millionaire_v2;
			productReference = 6C24AB0D299633FE004CC605 /* Millionaire_v2.app */;
			productType = "com.apple.product-type.application";
		};
/* End PBXNativeTarget section */

/* Begin PBXProject section */
		6C24AB05299633FE004CC605 /* Project object */ = {
			isa = PBXProject;
			attributes = {
				LastSwiftUpdateCheck = 1240;
				LastUpgradeCheck = 1240;
				TargetAttributes = {
					6C24AB0C299633FE004CC605 = {
						CreatedOnToolsVersion = 12.4;
					};
				};
			};
			buildConfigurationList = 6C24AB08299633FE004CC605 /* Build configuration list for PBXProject "Millionaire_v2" */;
			compatibilityVersion = "Xcode 9.3";
			developmentRegion = en;
			hasScannedForEncodings = 0;
			knownRegions = (
				en,
				Base,
			);
			mainGroup = 6C24AB04299633FE004CC605;
			productRefGroup = 6C24AB0E299633FE004CC605 /* Products */;
			projectDirPath = "";
			projectRoot = "";
			targets = (
				6C24AB0C299633FE004CC605 /* Millionaire_v2 */,
			);
		};
/* End PBXProject section */

/* Begin PBXResourcesBuildPhase section */
		6C24AB0B299633FE004CC605 /* Resources */ = {
			isa = PBXResourcesBuildPhase;
			buildActionMask = 2147483647;
			files = (
				6C24AB1D29963400004CC605 /* LaunchScreen.storyboard in Resources */,
				6C24AB1A29963400004CC605 /* Assets.xcassets in Resources */,
				6C24AB18299633FE004CC605 /* Main.storyboard in Resources */,
			);
			runOnlyForDeploymentPostprocessing = 0;
		};
/* End PBXResourcesBuildPhase section */

/* Begin PBXSourcesBuildPhase section */
		6C24AB09299633FE004CC605 /* Sources */ = {
			isa = PBXSourcesBuildPhase;
			buildActionMask = 2147483647;
			files = (
				6C24AB15299633FE004CC605 /* ViewController.swift in Sources */,
				10E4A3DA29964B170010A3A7 /* Resources.swift in Sources */,
				6C24AB11299633FE004CC605 /* AppDelegate.swift in Sources */,
				6C24AB13299633FE004CC605 /* SceneDelegate.swift in Sources */,
			);
			runOnlyForDeploymentPostprocessing = 0;
		};
/* End PBXSourcesBuildPhase section */

/* Begin PBXVariantGroup section */
		6C24AB16299633FE004CC605 /* Main.storyboard */ = {
			isa = PBXVariantGroup;
			children = (
				6C24AB17299633FE004CC605 /* Base */,
			);
			name = Main.storyboard;
			sourceTree = "<group>";
		};
		6C24AB1B29963400004CC605 /* LaunchScreen.storyboard */ = {
			isa = PBXVariantGroup;
			children = (
				6C24AB1C29963400004CC605 /* Base */,
			);
			name = LaunchScreen.storyboard;
			sourceTree = "<group>";
		};
/* End PBXVariantGroup section */

/* Begin XCBuildConfiguration section */
		6C24AB1F29963400004CC605 /* Debug */ = {
			isa = XCBuildConfiguration;
			buildSettings = {
				ALWAYS_SEARCH_USER_PATHS = NO;
				CLANG_ANALYZER_NONNULL = YES;
				CLANG_ANALYZER_NUMBER_OBJECT_CONVERSION = YES_AGGRESSIVE;
				CLANG_CXX_LANGUAGE_STANDARD = "gnu++14";
				CLANG_CXX_LIBRARY = "libc++";
				CLANG_ENABLE_MODULES = YES;
				CLANG_ENABLE_OBJC_ARC = YES;
				CLANG_ENABLE_OBJC_WEAK = YES;
				CLANG_WARN_BLOCK_CAPTURE_AUTORELEASING = YES;
				CLANG_WARN_BOOL_CONVERSION = YES;
				CLANG_WARN_COMMA = YES;
				CLANG_WARN_CONSTANT_CONVERSION = YES;
				CLANG_WARN_DEPRECATED_OBJC_IMPLEMENTATIONS = YES;
				CLANG_WARN_DIRECT_OBJC_ISA_USAGE = YES_ERROR;
				CLANG_WARN_DOCUMENTATION_COMMENTS = YES;
				CLANG_WARN_EMPTY_BODY = YES;
				CLANG_WARN_ENUM_CONVERSION = YES;
				CLANG_WARN_INFINITE_RECURSION = YES;
				CLANG_WARN_INT_CONVERSION = YES;
				CLANG_WARN_NON_LITERAL_NULL_CONVERSION = YES;
				CLANG_WARN_OBJC_IMPLICIT_RETAIN_SELF = YES;
				CLANG_WARN_OBJC_LITERAL_CONVERSION = YES;
				CLANG_WARN_OBJC_ROOT_CLASS = YES_ERROR;
				CLANG_WARN_QUOTED_INCLUDE_IN_FRAMEWORK_HEADER = YES;
				CLANG_WARN_RANGE_LOOP_ANALYSIS = YES;
				CLANG_WARN_STRICT_PROTOTYPES = YES;
				CLANG_WARN_SUSPICIOUS_MOVE = YES;
				CLANG_WARN_UNGUARDED_AVAILABILITY = YES_AGGRESSIVE;
				CLANG_WARN_UNREACHABLE_CODE = YES;
				CLANG_WARN__DUPLICATE_METHOD_MATCH = YES;
				COPY_PHASE_STRIP = NO;
				DEBUG_INFORMATION_FORMAT = dwarf;
				ENABLE_STRICT_OBJC_MSGSEND = YES;
				ENABLE_TESTABILITY = YES;
				GCC_C_LANGUAGE_STANDARD = gnu11;
				GCC_DYNAMIC_NO_PIC = NO;
				GCC_NO_COMMON_BLOCKS = YES;
				GCC_OPTIMIZATION_LEVEL = 0;
				GCC_PREPROCESSOR_DEFINITIONS = (
					"DEBUG=1",
					"$(inherited)",
				);
				GCC_WARN_64_TO_32_BIT_CONVERSION = YES;
				GCC_WARN_ABOUT_RETURN_TYPE = YES_ERROR;
				GCC_WARN_UNDECLARED_SELECTOR = YES;
				GCC_WARN_UNINITIALIZED_AUTOS = YES_AGGRESSIVE;
				GCC_WARN_UNUSED_FUNCTION = YES;
				GCC_WARN_UNUSED_VARIABLE = YES;
				IPHONEOS_DEPLOYMENT_TARGET = 14.4;
				MTL_ENABLE_DEBUG_INFO = INCLUDE_SOURCE;
				MTL_FAST_MATH = YES;
				ONLY_ACTIVE_ARCH = YES;
				SDKROOT = iphoneos;
				SWIFT_ACTIVE_COMPILATION_CONDITIONS = DEBUG;
				SWIFT_OPTIMIZATION_LEVEL = "-Onone";
			};
			name = Debug;
		};
		6C24AB2029963400004CC605 /* Release */ = {
			isa = XCBuildConfiguration;
			buildSettings = {
				ALWAYS_SEARCH_USER_PATHS = NO;
				CLANG_ANALYZER_NONNULL = YES;
				CLANG_ANALYZER_NUMBER_OBJECT_CONVERSION = YES_AGGRESSIVE;
				CLANG_CXX_LANGUAGE_STANDARD = "gnu++14";
				CLANG_CXX_LIBRARY = "libc++";
				CLANG_ENABLE_MODULES = YES;
				CLANG_ENABLE_OBJC_ARC = YES;
				CLANG_ENABLE_OBJC_WEAK = YES;
				CLANG_WARN_BLOCK_CAPTURE_AUTORELEASING = YES;
				CLANG_WARN_BOOL_CONVERSION = YES;
				CLANG_WARN_COMMA = YES;
				CLANG_WARN_CONSTANT_CONVERSION = YES;
				CLANG_WARN_DEPRECATED_OBJC_IMPLEMENTATIONS = YES;
				CLANG_WARN_DIRECT_OBJC_ISA_USAGE = YES_ERROR;
				CLANG_WARN_DOCUMENTATION_COMMENTS = YES;
				CLANG_WARN_EMPTY_BODY = YES;
				CLANG_WARN_ENUM_CONVERSION = YES;
				CLANG_WARN_INFINITE_RECURSION = YES;
				CLANG_WARN_INT_CONVERSION = YES;
				CLANG_WARN_NON_LITERAL_NULL_CONVERSION = YES;
				CLANG_WARN_OBJC_IMPLICIT_RETAIN_SELF = YES;
				CLANG_WARN_OBJC_LITERAL_CONVERSION = YES;
				CLANG_WARN_OBJC_ROOT_CLASS = YES_ERROR;
				CLANG_WARN_QUOTED_INCLUDE_IN_FRAMEWORK_HEADER = YES;
				CLANG_WARN_RANGE_LOOP_ANALYSIS = YES;
				CLANG_WARN_STRICT_PROTOTYPES = YES;
				CLANG_WARN_SUSPICIOUS_MOVE = YES;
				CLANG_WARN_UNGUARDED_AVAILABILITY = YES_AGGRESSIVE;
				CLANG_WARN_UNREACHABLE_CODE = YES;
				CLANG_WARN__DUPLICATE_METHOD_MATCH = YES;
				COPY_PHASE_STRIP = NO;
				DEBUG_INFORMATION_FORMAT = "dwarf-with-dsym";
				ENABLE_NS_ASSERTIONS = NO;
				ENABLE_STRICT_OBJC_MSGSEND = YES;
				GCC_C_LANGUAGE_STANDARD = gnu11;
				GCC_NO_COMMON_BLOCKS = YES;
				GCC_WARN_64_TO_32_BIT_CONVERSION = YES;
				GCC_WARN_ABOUT_RETURN_TYPE = YES_ERROR;
				GCC_WARN_UNDECLARED_SELECTOR = YES;
				GCC_WARN_UNINITIALIZED_AUTOS = YES_AGGRESSIVE;
				GCC_WARN_UNUSED_FUNCTION = YES;
				GCC_WARN_UNUSED_VARIABLE = YES;
				IPHONEOS_DEPLOYMENT_TARGET = 14.4;
				MTL_ENABLE_DEBUG_INFO = NO;
				MTL_FAST_MATH = YES;
				SDKROOT = iphoneos;
				SWIFT_COMPILATION_MODE = wholemodule;
				SWIFT_OPTIMIZATION_LEVEL = "-O";
				VALIDATE_PRODUCT = YES;
			};
			name = Release;
		};
		6C24AB2229963400004CC605 /* Debug */ = {
			isa = XCBuildConfiguration;
			buildSettings = {
				ASSETCATALOG_COMPILER_APPICON_NAME = AppIcon;
				ASSETCATALOG_COMPILER_GLOBAL_ACCENT_COLOR_NAME = AccentColor;
				CODE_SIGN_STYLE = Automatic;
				DEVELOPMENT_TEAM = 49W545DH3T;
				INFOPLIST_FILE = Millionaire_v2/Info.plist;
				IPHONEOS_DEPLOYMENT_TARGET = 13.0;
				LD_RUNPATH_SEARCH_PATHS = (
					"$(inherited)",
					"@executable_path/Frameworks",
				);
				PRODUCT_BUNDLE_IDENTIFIER = "com.evgenmi.Millionaire-v2";
				PRODUCT_NAME = "$(TARGET_NAME)";
				SWIFT_VERSION = 5.0;
				TARGETED_DEVICE_FAMILY = 1;
			};
			name = Debug;
		};
		6C24AB2329963400004CC605 /* Release */ = {
			isa = XCBuildConfiguration;
			buildSettings = {
				ASSETCATALOG_COMPILER_APPICON_NAME = AppIcon;
				ASSETCATALOG_COMPILER_GLOBAL_ACCENT_COLOR_NAME = AccentColor;
				CODE_SIGN_STYLE = Automatic;
				DEVELOPMENT_TEAM = 49W545DH3T;
				INFOPLIST_FILE = Millionaire_v2/Info.plist;
				IPHONEOS_DEPLOYMENT_TARGET = 13.0;
				LD_RUNPATH_SEARCH_PATHS = (
					"$(inherited)",
					"@executable_path/Frameworks",
				);
				PRODUCT_BUNDLE_IDENTIFIER = "com.evgenmi.Millionaire-v2";
				PRODUCT_NAME = "$(TARGET_NAME)";
				SWIFT_VERSION = 5.0;
				TARGETED_DEVICE_FAMILY = 1;
			};
			name = Release;
		};
/* End XCBuildConfiguration section */

/* Begin XCConfigurationList section */
		6C24AB08299633FE004CC605 /* Build configuration list for PBXProject "Millionaire_v2" */ = {
			isa = XCConfigurationList;
			buildConfigurations = (
				6C24AB1F29963400004CC605 /* Debug */,
				6C24AB2029963400004CC605 /* Release */,
			);
			defaultConfigurationIsVisible = 0;
			defaultConfigurationName = Release;
		};
		6C24AB2129963400004CC605 /* Build configuration list for PBXNativeTarget "Millionaire_v2" */ = {
			isa = XCConfigurationList;
			buildConfigurations = (
				6C24AB2229963400004CC605 /* Debug */,
				6C24AB2329963400004CC605 /* Release */,
			);
			defaultConfigurationIsVisible = 0;
			defaultConfigurationName = Release;
		};
/* End XCConfigurationList section */
	};
	rootObject = 6C24AB05299633FE004CC605 /* Project object */;
}
